
Microsoft Visual Studio Solution File, Format Version 12.00
# Visual Studio Version 17
VisualStudioVersion = 17.0.32112.339
MinimumVisualStudioVersion = 10.0.40219.1
Project("{9A19103F-16F7-4668-BE54-9A1E7A4F7556}") = "GrpcHelloWorldServer", "GrpcHelloWorldServer\GrpcHelloWorldServer.csproj", "{EC40B34F-5BAA-4E3C-A90E-260AA08C1492}"
EndProject
Project("{9A19103F-16F7-4668-BE54-9A1E7A4F7556}") = "GrpcHelloWorldClient", "GrpcHelloWorldClient\GrpcHelloWorldClient.csproj", "{0E8B682B-2DAF-40B5-AF25-3A8A51586CF6}"
EndProject
Project("{FAE04EC0-301F-11D3-BF4B-00C04F79EFBC}") = "GrpcGreeter", "GrpcGreeter\GrpcGreeter.csproj", "{3E564CB3-2D96-425E-B2CB-9719E295960E}"
EndProject
Global
	GlobalSection(SolutionConfigurationPlatforms) = preSolution
		Debug|Any CPU = Debug|Any CPU
		Release|Any CPU = Release|Any CPU
	EndGlobalSection
	GlobalSection(ProjectConfigurationPlatforms) = postSolution
		{EC40B34F-5BAA-4E3C-A90E-260AA08C1492}.Debug|Any CPU.ActiveCfg = Debug|Any CPU
		{EC40B34F-5BAA-4E3C-A90E-260AA08C1492}.Debug|Any CPU.Build.0 = Debug|Any CPU
		{EC40B34F-5BAA-4E3C-A90E-260AA08C1492}.Release|Any CPU.ActiveCfg = Release|Any CPU
		{EC40B34F-5BAA-4E3C-A90E-260AA08C1492}.Release|Any CPU.Build.0 = Release|Any CPU
		{0E8B682B-2DAF-40B5-AF25-3A8A51586CF6}.Debug|Any CPU.ActiveCfg = Debug|Any CPU
		{0E8B682B-2DAF-40B5-AF25-3A8A51586CF6}.Debug|Any CPU.Build.0 = Debug|Any CPU
		{0E8B682B-2DAF-40B5-AF25-3A8A51586CF6}.Release|Any CPU.ActiveCfg = Release|Any CPU
		{0E8B682B-2DAF-40B5-AF25-3A8A51586CF6}.Release|Any CPU.Build.0 = Release|Any CPU
		{3E564CB3-2D96-425E-B2CB-9719E295960E}.Debug|Any CPU.ActiveCfg = Debug|Any CPU
		{3E564CB3-2D96-425E-B2CB-9719E295960E}.Debug|Any CPU.Build.0 = Debug|Any CPU
		{3E564CB3-2D96-425E-B2CB-9719E295960E}.Release|Any CPU.ActiveCfg = Release|Any CPU
		{3E564CB3-2D96-425E-B2CB-9719E295960E}.Release|Any CPU.Build.0 = Release|Any CPU
	EndGlobalSection
	GlobalSection(SolutionProperties) = preSolution
		HideSolutionNode = FALSE
	EndGlobalSection
	GlobalSection(ExtensibilityGlobals) = postSolution
		SolutionGuid = {D0052FCB-A267-49B9-9EDB-F3ED000A92FD}
	EndGlobalSection
EndGlobal
